
Microsoft Visual Studio Solution File, Format Version 12.00
# Visual Studio 15
VisualStudioVersion = 15.0.27130.2024
MinimumVisualStudioVersion = 10.0.40219.1
Project("{FAE04EC0-301F-11D3-BF4B-00C04F79EFBC}") = "Lab_1", "Lab_1\Lab_1.csproj", "{BE920472-5338-42BB-9581-A53A68FB71AF}"
EndProject
Project("{FAE04EC0-301F-11D3-BF4B-00C04F79EFBC}") = "Lab_2", "Lab_2\Lab_2.csproj", "{DAFB52B2-0C18-413C-AD59-F3647FB59E0B}"
EndProject
Project("{FAE04EC0-301F-11D3-BF4B-00C04F79EFBC}") = "Common", "Common\Common.csproj", "{D2A30BAA-2E01-4BD1-8030-118BFF0F8D0C}"
EndProject
Project("{FAE04EC0-301F-11D3-BF4B-00C04F79EFBC}") = "Lab_3", "Lab_3\Lab_3.csproj", "{6631CD5C-4EF9-4A6B-A3F0-69EC32B149B3}"
EndProject
Global
	GlobalSection(SolutionConfigurationPlatforms) = preSolution
		Debug|Any CPU = Debug|Any CPU
		Release|Any CPU = Release|Any CPU
	EndGlobalSection
	GlobalSection(ProjectConfigurationPlatforms) = postSolution
		{BE920472-5338-42BB-9581-A53A68FB71AF}.Debug|Any CPU.ActiveCfg = Debug|Any CPU
		{BE920472-5338-42BB-9581-A53A68FB71AF}.Debug|Any CPU.Build.0 = Debug|Any CPU
		{BE920472-5338-42BB-9581-A53A68FB71AF}.Release|Any CPU.ActiveCfg = Release|Any CPU
		{BE920472-5338-42BB-9581-A53A68FB71AF}.Release|Any CPU.Build.0 = Release|Any CPU
		{DAFB52B2-0C18-413C-AD59-F3647FB59E0B}.Debug|Any CPU.ActiveCfg = Debug|Any CPU
		{DAFB52B2-0C18-413C-AD59-F3647FB59E0B}.Debug|Any CPU.Build.0 = Debug|Any CPU
		{DAFB52B2-0C18-413C-AD59-F3647FB59E0B}.Release|Any CPU.ActiveCfg = Release|Any CPU
		{DAFB52B2-0C18-413C-AD59-F3647FB59E0B}.Release|Any CPU.Build.0 = Release|Any CPU
		{D2A30BAA-2E01-4BD1-8030-118BFF0F8D0C}.Debug|Any CPU.ActiveCfg = Debug|Any CPU
		{D2A30BAA-2E01-4BD1-8030-118BFF0F8D0C}.Debug|Any CPU.Build.0 = Debug|Any CPU
		{D2A30BAA-2E01-4BD1-8030-118BFF0F8D0C}.Release|Any CPU.ActiveCfg = Release|Any CPU
		{D2A30BAA-2E01-4BD1-8030-118BFF0F8D0C}.Release|Any CPU.Build.0 = Release|Any CPU
		{6631CD5C-4EF9-4A6B-A3F0-69EC32B149B3}.Debug|Any CPU.ActiveCfg = Debug|Any CPU
		{6631CD5C-4EF9-4A6B-A3F0-69EC32B149B3}.Debug|Any CPU.Build.0 = Debug|Any CPU
		{6631CD5C-4EF9-4A6B-A3F0-69EC32B149B3}.Release|Any CPU.ActiveCfg = Release|Any CPU
		{6631CD5C-4EF9-4A6B-A3F0-69EC32B149B3}.Release|Any CPU.Build.0 = Release|Any CPU
	EndGlobalSection
	GlobalSection(SolutionProperties) = preSolution
		HideSolutionNode = FALSE
	EndGlobalSection
	GlobalSection(ExtensibilityGlobals) = postSolution
		SolutionGuid = {7D22DF65-F4C2-4FD0-A175-057210BC3592}
	EndGlobalSection
EndGlobal
